
Microsoft Visual Studio Solution File, Format Version 12.00
# Visual Studio Version 16
VisualStudioVersion = 16.0.29503.13
MinimumVisualStudioVersion = 10.0.40219.1
Project("{FAE04EC0-301F-11D3-BF4B-00C04F79EFBC}") = "ds3sdk", "ds3sdk.csproj", "{910AF11B-939F-49BF-AEFF-04D267B9F403}"
EndProject
Project("{FAE04EC0-301F-11D3-BF4B-00C04F79EFBC}") = "WpfApp1", "..\WpfApp1\WpfApp1.csproj", "{DF230E6D-FC8B-420F-818F-B8964533AC19}"
EndProject
Global
	GlobalSection(SolutionConfigurationPlatforms) = preSolution
		Debug|Any CPU = Debug|Any CPU
		Release|Any CPU = Release|Any CPU
	EndGlobalSection
	GlobalSection(ProjectConfigurationPlatforms) = postSolution
		{910AF11B-939F-49BF-AEFF-04D267B9F403}.Debug|Any CPU.ActiveCfg = Debug|Any CPU
		{910AF11B-939F-49BF-AEFF-04D267B9F403}.Debug|Any CPU.Build.0 = Debug|Any CPU
		{910AF11B-939F-49BF-AEFF-04D267B9F403}.Release|Any CPU.ActiveCfg = Release|Any CPU
		{910AF11B-939F-49BF-AEFF-04D267B9F403}.Release|Any CPU.Build.0 = Release|Any CPU
		{DF230E6D-FC8B-420F-818F-B8964533AC19}.Debug|Any CPU.ActiveCfg = Debug|Any CPU
		{DF230E6D-FC8B-420F-818F-B8964533AC19}.Debug|Any CPU.Build.0 = Debug|Any CPU
		{DF230E6D-FC8B-420F-818F-B8964533AC19}.Release|Any CPU.ActiveCfg = Release|Any CPU
		{DF230E6D-FC8B-420F-818F-B8964533AC19}.Release|Any CPU.Build.0 = Release|Any CPU
	EndGlobalSection
	GlobalSection(SolutionProperties) = preSolution
		HideSolutionNode = FALSE
	EndGlobalSection
	GlobalSection(ExtensibilityGlobals) = postSolution
		SolutionGuid = {EF111727-1FF6-4352-A70D-166AE6AEB48D}
	EndGlobalSection
EndGlobal
